
Microsoft Visual Studio Solution File, Format Version 12.00
# Visual Studio Version 17
VisualStudioVersion = 17.14.36908.2 d17.14
MinimumVisualStudioVersion = 10.0.40219.1
Project("{8BC9CEB8-8B4A-11D0-8D11-00A0C91BC942}") = "BinarySearch", "BinarySearch\BinarySearch.vcxproj", "{6EDD98EF-AE40-46C9-AE09-B3C68D9B41EB}"
EndProject
Project("{8BC9CEB8-8B4A-11D0-8D11-00A0C91BC942}") = "Random", "Random\Random.vcxproj", "{D476C795-178D-4120-A8E3-54354ADE81E4}"
EndProject
Project("{8BC9CEB8-8B4A-11D0-8D11-00A0C91BC942}") = "BubbleSort", "BubbleSort\BubbleSort.vcxproj", "{261CBA78-B335-4F37-80FA-6F7644A92119}"
EndProject
Project("{8BC9CEB8-8B4A-11D0-8D11-00A0C91BC942}") = "SelectionSort", "SelectionSort\SelectionSort.vcxproj", "{A6A3B39B-1ACD-4E28-BAD5-34161DCAD765}"
EndProject
Project("{8BC9CEB8-8B4A-11D0-8D11-00A0C91BC942}") = "InsertionSort", "InsertionSort\InsertionSort.vcxproj", "{CEA4B72F-09B8-48D7-84D7-52751A9A38E1}"
EndProject
Project("{8BC9CEB8-8B4A-11D0-8D11-00A0C91BC942}") = "QuickSort", "QuickSort\QuickSort.vcxproj", "{5537AE57-5719-43A5-8987-FB7B2F9EF0B9}"
EndProject
Project("{8BC9CEB8-8B4A-11D0-8D11-00A0C91BC942}") = "MergeSort", "MergeSort\MergeSort.vcxproj", "{37DBEF99-F39E-457B-B4AE-E893AB0B97FC}"
EndProject
Global
	GlobalSection(SolutionConfigurationPlatforms) = preSolution
		Debug|x64 = Debug|x64
		Release|x64 = Release|x64
	EndGlobalSection
	GlobalSection(ProjectConfigurationPlatforms) = postSolution
		{6EDD98EF-AE40-46C9-AE09-B3C68D9B41EB}.Debug|x64.ActiveCfg = Debug|x64
		{6EDD98EF-AE40-46C9-AE09-B3C68D9B41EB}.Debug|x64.Build.0 = Debug|x64
		{6EDD98EF-AE40-46C9-AE09-B3C68D9B41EB}.Release|x64.ActiveCfg = Release|x64
		{6EDD98EF-AE40-46C9-AE09-B3C68D9B41EB}.Release|x64.Build.0 = Release|x64
		{D476C795-178D-4120-A8E3-54354ADE81E4}.Debug|x64.ActiveCfg = Debug|x64
		{D476C795-178D-4120-A8E3-54354ADE81E4}.Debug|x64.Build.0 = Debug|x64
		{D476C795-178D-4120-A8E3-54354ADE81E4}.Release|x64.ActiveCfg = Release|x64
		{D476C795-178D-4120-A8E3-54354ADE81E4}.Release|x64.Build.0 = Release|x64
		{261CBA78-B335-4F37-80FA-6F7644A92119}.Debug|x64.ActiveCfg = Debug|x64
		{261CBA78-B335-4F37-80FA-6F7644A92119}.Debug|x64.Build.0 = Debug|x64
		{261CBA78-B335-4F37-80FA-6F7644A92119}.Release|x64.ActiveCfg = Release|x64
		{261CBA78-B335-4F37-80FA-6F7644A92119}.Release|x64.Build.0 = Release|x64
		{A6A3B39B-1ACD-4E28-BAD5-34161DCAD765}.Debug|x64.ActiveCfg = Debug|x64
		{A6A3B39B-1ACD-4E28-BAD5-34161DCAD765}.Debug|x64.Build.0 = Debug|x64
		{A6A3B39B-1ACD-4E28-BAD5-34161DCAD765}.Release|x64.ActiveCfg = Release|x64
		{A6A3B39B-1ACD-4E28-BAD5-34161DCAD765}.Release|x64.Build.0 = Release|x64
		{CEA4B72F-09B8-48D7-84D7-52751A9A38E1}.Debug|x64.ActiveCfg = Debug|x64
		{CEA4B72F-09B8-48D7-84D7-52751A9A38E1}.Debug|x64.Build.0 = Debug|x64
		{CEA4B72F-09B8-48D7-84D7-52751A9A38E1}.Release|x64.ActiveCfg = Release|x64
		{CEA4B72F-09B8-48D7-84D7-52751A9A38E1}.Release|x64.Build.0 = Release|x64
		{5537AE57-5719-43A5-8987-FB7B2F9EF0B9}.Debug|x64.ActiveCfg = Debug|x64
		{5537AE57-5719-43A5-8987-FB7B2F9EF0B9}.Debug|x64.Build.0 = Debug|x64
		{5537AE57-5719-43A5-8987-FB7B2F9EF0B9}.Release|x64.ActiveCfg = Release|x64
		{5537AE57-5719-43A5-8987-FB7B2F9EF0B9}.Release|x64.Build.0 = Release|x64
		{37DBEF99-F39E-457B-B4AE-E893AB0B97FC}.Debug|x64.ActiveCfg = Debug|x64
		{37DBEF99-F39E-457B-B4AE-E893AB0B97FC}.Debug|x64.Build.0 = Debug|x64
		{37DBEF99-F39E-457B-B4AE-E893AB0B97FC}.Release|x64.ActiveCfg = Release|x64
		{37DBEF99-F39E-457B-B4AE-E893AB0B97FC}.Release|x64.Build.0 = Release|x64
	EndGlobalSection
	GlobalSection(SolutionProperties) = preSolution
		HideSolutionNode = FALSE
	EndGlobalSection
	GlobalSection(ExtensibilityGlobals) = postSolution
		SolutionGuid = {4E40E762-9C7E-4B16-8498-AF5732E54F4D}
	EndGlobalSection
EndGlobal
